// !$*UTF8*$!
{
	archiveVersion = 1;
	classes = {
	};
	objectVersion = 46;
	objects = {

/* Begin PBXBuildFile section */
		B0DF65A31A84840F009B3338 /* main.m in Sources */ = {isa = PBXBuildFile; fileRef = B0DF65A21A84840F009B3338 /* main.m */; };
		B0DF65A61A84840F009B3338 /* AppDelegate.m in Sources */ = {isa = PBXBuildFile; fileRef = B0DF65A51A84840F009B3338 /* AppDelegate.m */; };
		B0DF65A91A84840F009B3338 /* ViewController.m in Sources */ = {isa = PBXBuildFile; fileRef = B0DF65A81A84840F009B3338 /* ViewController.m */; };
		B0DF65AE1A84840F009B3338 /* Images.xcassets in Resources */ = {isa = PBXBuildFile; fileRef = B0DF65AD1A84840F009B3338 /* Images.xcassets */; };
		B0DF65BD1A84840F009B3338 /* PacteraTests.m in Sources */ = {isa = PBXBuildFile; fileRef = B0DF65BC1A84840F009B3338 /* PacteraTests.m */; };
		B0DF65CB1A848BD7009B3338 /* NewsTableViewController.m in Sources */ = {isa = PBXBuildFile; fileRef = B0DF65CA1A848BD7009B3338 /* NewsTableViewController.m */; };
/* End PBXBuildFile section */

/* Begin PBXContainerItemProxy section */
		B0DF65B71A84840F009B3338 /* PBXContainerItemProxy */ = {
			isa = PBXContainerItemProxy;
			containerPortal = B0DF65951A84840F009B3338 /* Project object */;
			proxyType = 1;
			remoteGlobalIDString = B0DF659C1A84840F009B3338;
			remoteInfo = Pactera;
		};
/* End PBXContainerItemProxy section */

/* Begin PBXFileReference section */
		B0DF659D1A84840F009B3338 /* Pactera.app */ = {isa = PBXFileReference; explicitFileType = wrapper.application; includeInIndex = 0; path = Pactera.app; sourceTree = BUILT_PRODUCTS_DIR; };
		B0DF65A11A84840F009B3338 /* Info.plist */ = {isa = PBXFileReference; lastKnownFileType = text.plist.xml; path = Info.plist; sourceTree = "<group>"; };
		B0DF65A21A84840F009B3338 /* main.m */ = {isa = PBXFileReference; lastKnownFileType = sourcecode.c.objc; path = main.m; sourceTree = "<group>"; };
		B0DF65A41A84840F009B3338 /* AppDelegate.h */ = {isa = PBXFileReference; lastKnownFileType = sourcecode.c.h; path = AppDelegate.h; sourceTree = "<group>"; };
		B0DF65A51A84840F009B3338 /* AppDelegate.m */ = {isa = PBXFileReference; lastKnownFileType = sourcecode.c.objc; path = AppDelegate.m; sourceTree = "<group>"; };
		B0DF65A71A84840F009B3338 /* ViewController.h */ = {isa = PBXFileReference; lastKnownFileType = sourcecode.c.h; path = ViewController.h; sourceTree = "<group>"; };
		B0DF65A81A84840F009B3338 /* ViewController.m */ = {isa = PBXFileReference; lastKnownFileType = sourcecode.c.objc; path = ViewController.m; sourceTree = "<group>"; };
		B0DF65AD1A84840F009B3338 /* Images.xcassets */ = {isa = PBXFileReference; lastKnownFileType = folder.assetcatalog; path = Images.xcassets; sourceTree = "<group>"; };
		B0DF65B61A84840F009B3338 /* PacteraTests.xctest */ = {isa = PBXFileReference; explicitFileType = wrapper.cfbundle; includeInIndex = 0; path = PacteraTests.xctest; sourceTree = BUILT_PRODUCTS_DIR; };
		B0DF65BB1A84840F009B3338 /* Info.plist */ = {isa = PBXFileReference; lastKnownFileType = text.plist.xml; path = Info.plist; sourceTree = "<group>"; };
		B0DF65BC1A84840F009B3338 /* PacteraTests.m */ = {isa = PBXFileReference; lastKnownFileType = sourcecode.c.objc; path = PacteraTests.m; sourceTree = "<group>"; };
		B0DF65C91A848BD6009B3338 /* NewsTableViewController.h */ = {isa = PBXFileReference; fileEncoding = 4; lastKnownFileType = sourcecode.c.h; path = NewsTableViewController.h; sourceTree = "<group>"; };
		B0DF65CA1A848BD7009B3338 /* NewsTableViewController.m */ = {isa = PBXFileReference; fileEncoding = 4; lastKnownFileType = sourcecode.c.objc; path = NewsTableViewController.m; sourceTree = "<group>"; };
/* End PBXFileReference section */

/* Begin PBXFrameworksBuildPhase section */
		B0DF659A1A84840F009B3338 /* Frameworks */ = {
			isa = PBXFrameworksBuildPhase;
			buildActionMask = 2147483647;
			files = (
			);
			runOnlyForDeploymentPostprocessing = 0;
		};
		B0DF65B31A84840F009B3338 /* Frameworks */ = {
			isa = PBXFrameworksBuildPhase;
			buildActionMask = 2147483647;
			files = (
			);
			runOnlyForDeploymentPostprocessing = 0;
		};
/* End PBXFrameworksBuildPhase section */

/* Begin PBXGroup section */
		B0DF65941A84840F009B3338 = {
			isa = PBXGroup;
			children = (
				B0DF659F1A84840F009B3338 /* Pactera */,
				B0DF65B91A84840F009B3338 /* PacteraTests */,
				B0DF659E1A84840F009B3338 /* Products */,
			);
			sourceTree = "<group>";
		};
		B0DF659E1A84840F009B3338 /* Products */ = {
			isa = PBXGroup;
			children = (
				B0DF659D1A84840F009B3338 /* Pactera.app */,
				B0DF65B61A84840F009B3338 /* PacteraTests.xctest */,
			);
			name = Products;
			sourceTree = "<group>";
		};
		B0DF659F1A84840F009B3338 /* Pactera */ = {
			isa = PBXGroup;
			children = (
				B0DF65A41A84840F009B3338 /* AppDelegate.h */,
				B0DF65A51A84840F009B3338 /* AppDelegate.m */,
				B0DF65A71A84840F009B3338 /* ViewController.h */,
				B0DF65A81A84840F009B3338 /* ViewController.m */,
				B0DF65AD1A84840F009B3338 /* Images.xcassets */,
				B0DF65A01A84840F009B3338 /* Supporting Files */,
				B0DF65C91A848BD6009B3338 /* NewsTableViewController.h */,
				B0DF65CA1A848BD7009B3338 /* NewsTableViewController.m */,
			);
			path = Pactera;
			sourceTree = "<group>";
		};
		B0DF65A01A84840F009B3338 /* Supporting Files */ = {
			isa = PBXGroup;
			children = (
				B0DF65A11A84840F009B3338 /* Info.plist */,
				B0DF65A21A84840F009B3338 /* main.m */,
			);
			path = "Supporting Files";
			sourceTree = "<group>";
		};
		B0DF65B91A84840F009B3338 /* PacteraTests */ = {
			isa = PBXGroup;
			children = (
				B0DF65BC1A84840F009B3338 /* PacteraTests.m */,
				B0DF65BA1A84840F009B3338 /* Supporting Files */,
			);
			path = PacteraTests;
			sourceTree = "<group>";
		};
		B0DF65BA1A84840F009B3338 /* Supporting Files */ = {
			isa = PBXGroup;
			children = (
				B0DF65BB1A84840F009B3338 /* Info.plist */,
			);
			path = "Supporting Files";
			sourceTree = "<group>";
		};
/* End PBXGroup section */

/* Begin PBXNativeTarget section */
		B0DF659C1A84840F009B3338 /* Pactera */ = {
			isa = PBXNativeTarget;
			buildConfigurationList = B0DF65C01A84840F009B3338 /* Build configuration list for PBXNativeTarget "Pactera" */;
			buildPhases = (
				B0DF65991A84840F009B3338 /* Sources */,
				B0DF659A1A84840F009B3338 /* Frameworks */,
				B0DF659B1A84840F009B3338 /* Resources */,
			);
			buildRules = (
			);
			dependencies = (
			);
			name = Pactera;
			productName = Pactera;
			productReference = B0DF659D1A84840F009B3338 /* Pactera.app */;
			productType = "com.apple.product-type.application";
		};
		B0DF65B51A84840F009B3338 /* PacteraTests */ = {
			isa = PBXNativeTarget;
			buildConfigurationList = B0DF65C31A84840F009B3338 /* Build configuration list for PBXNativeTarget "PacteraTests" */;
			buildPhases = (
				B0DF65B21A84840F009B3338 /* Sources */,
				B0DF65B31A84840F009B3338 /* Frameworks */,
				B0DF65B41A84840F009B3338 /* Resources */,
			);
			buildRules = (
			);
			dependencies = (
				B0DF65B81A84840F009B3338 /* PBXTargetDependency */,
			);
			name = PacteraTests;
			productName = PacteraTests;
			productReference = B0DF65B61A84840F009B3338 /* PacteraTests.xctest */;
			productType = "com.apple.product-type.bundle.unit-test";
		};
/* End PBXNativeTarget section */

/* Begin PBXProject section */
		B0DF65951A84840F009B3338 /* Project object */ = {
			isa = PBXProject;
			attributes = {
				LastUpgradeCheck = 0610;
				ORGANIZATIONNAME = "Sunil Kumar";
				TargetAttributes = {
					B0DF659C1A84840F009B3338 = {
						CreatedOnToolsVersion = 6.1;
					};
					B0DF65B51A84840F009B3338 = {
						CreatedOnToolsVersion = 6.1;
						TestTargetID = B0DF659C1A84840F009B3338;
					};
				};
			};
			buildConfigurationList = B0DF65981A84840F009B3338 /* Build configuration list for PBXProject "Pactera" */;
			compatibilityVersion = "Xcode 3.2";
			developmentRegion = English;
			hasScannedForEncodings = 0;
			knownRegions = (
				en,
				Base,
			);
			mainGroup = B0DF65941A84840F009B3338;
			productRefGroup = B0DF659E1A84840F009B3338 /* Products */;
			projectDirPath = "";
			projectRoot = "";
			targets = (
				B0DF659C1A84840F009B3338 /* Pactera */,
				B0DF65B51A84840F009B3338 /* PacteraTests */,
			);
		};
/* End PBXProject section */

/* Begin PBXResourcesBuildPhase section */
		B0DF659B1A84840F009B3338 /* Resources */ = {
			isa = PBXResourcesBuildPhase;
			buildActionMask = 2147483647;
			files = (
				B0DF65AE1A84840F009B3338 /* Images.xcassets in Resources */,
			);
			runOnlyForDeploymentPostprocessing = 0;
		};
		B0DF65B41A84840F009B3338 /* Resources */ = {
			isa = PBXResourcesBuildPhase;
			buildActionMask = 2147483647;
			files = (
			);
			runOnlyForDeploymentPostprocessing = 0;
		};
/* End PBXResourcesBuildPhase section */

/* Begin PBXSourcesBuildPhase section */
		B0DF65991A84840F009B3338 /* Sources */ = {
			isa = PBXSourcesBuildPhase;
			buildActionMask = 2147483647;
			files = (
				B0DF65CB1A848BD7009B3338 /* NewsTableViewController.m in Sources */,
				B0DF65A91A84840F009B3338 /* ViewController.m in Sources */,
				B0DF65A61A84840F009B3338 /* AppDelegate.m in Sources */,
				B0DF65A31A84840F009B3338 /* main.m in Sources */,
			);
			runOnlyForDeploymentPostprocessing = 0;
		};
		B0DF65B21A84840F009B3338 /* Sources */ = {
			isa = PBXSourcesBuildPhase;
			buildActionMask = 2147483647;
			files = (
				B0DF65BD1A84840F009B3338 /* PacteraTests.m in Sources */,
			);
			runOnlyForDeploymentPostprocessing = 0;
		};
/* End PBXSourcesBuildPhase section */

/* Begin PBXTargetDependency section */
		B0DF65B81A84840F009B3338 /* PBXTargetDependency */ = {
			isa = PBXTargetDependency;
			target = B0DF659C1A84840F009B3338 /* Pactera */;
			targetProxy = B0DF65B71A84840F009B3338 /* PBXContainerItemProxy */;
		};
/* End PBXTargetDependency section */

/* Begin XCBuildConfiguration section */
		B0DF65BE1A84840F009B3338 /* Debug */ = {
			isa = XCBuildConfiguration;
			buildSettings = {
				ALWAYS_SEARCH_USER_PATHS = NO;
				CLANG_CXX_LANGUAGE_STANDARD = "gnu++0x";
				CLANG_CXX_LIBRARY = "libc++";
				CLANG_ENABLE_MODULES = YES;
				CLANG_ENABLE_OBJC_ARC = YES;
				CLANG_WARN_BOOL_CONVERSION = YES;
				CLANG_WARN_CONSTANT_CONVERSION = YES;
				CLANG_WARN_DIRECT_OBJC_ISA_USAGE = YES_ERROR;
				CLANG_WARN_EMPTY_BODY = YES;
				CLANG_WARN_ENUM_CONVERSION = YES;
				CLANG_WARN_INT_CONVERSION = YES;
				CLANG_WARN_OBJC_ROOT_CLASS = YES_ERROR;
				CLANG_WARN_UNREACHABLE_CODE = YES;
				CLANG_WARN__DUPLICATE_METHOD_MATCH = YES;
				"CODE_SIGN_IDENTITY[sdk=iphoneos*]" = "iPhone Developer";
				COPY_PHASE_STRIP = NO;
				ENABLE_STRICT_OBJC_MSGSEND = YES;
				GCC_C_LANGUAGE_STANDARD = gnu99;
				GCC_DYNAMIC_NO_PIC = NO;
				GCC_OPTIMIZATION_LEVEL = 0;
				GCC_PREPROCESSOR_DEFINITIONS = (
					"DEBUG=1",
					"$(inherited)",
				);
				GCC_SYMBOLS_PRIVATE_EXTERN = NO;
				GCC_WARN_64_TO_32_BIT_CONVERSION = YES;
				GCC_WARN_ABOUT_RETURN_TYPE = YES_ERROR;
				GCC_WARN_UNDECLARED_SELECTOR = YES;
				GCC_WARN_UNINITIALIZED_AUTOS = YES_AGGRESSIVE;
				GCC_WARN_UNUSED_FUNCTION = YES;
				GCC_WARN_UNUSED_VARIABLE = YES;
				IPHONEOS_DEPLOYMENT_TARGET = 8.1;
				MTL_ENABLE_DEBUG_INFO = YES;
				ONLY_ACTIVE_ARCH = YES;
				SDKROOT = iphoneos;
			};
			name = Debug;
		};
		B0DF65BF1A84840F009B3338 /* Release */ = {
			isa = XCBuildConfiguration;
			buildSettings = {
				ALWAYS_SEARCH_USER_PATHS = NO;
				CLANG_CXX_LANGUAGE_STANDARD = "gnu++0x";
				CLANG_CXX_LIBRARY = "libc++";
				CLANG_ENABLE_MODULES = YES;
				CLANG_ENABLE_OBJC_ARC = YES;
				CLANG_WARN_BOOL_CONVERSION = YES;
				CLANG_WARN_CONSTANT_CONVERSION = YES;
				CLANG_WARN_DIRECT_OBJC_ISA_USAGE = YES_ERROR;
				CLANG_WARN_EMPTY_BODY = YES;
				CLANG_WARN_ENUM_CONVERSION = YES;
				CLANG_WARN_INT_CONVERSION = YES;
				CLANG_WARN_OBJC_ROOT_CLASS = YES_ERROR;
				CLANG_WARN_UNREACHABLE_CODE = YES;
				CLANG_WARN__DUPLICATE_METHOD_MATCH = YES;
				"CODE_SIGN_IDENTITY[sdk=iphoneos*]" = "iPhone Developer";
				COPY_PHASE_STRIP = YES;
				ENABLE_NS_ASSERTIONS = NO;
				ENABLE_STRICT_OBJC_MSGSEND = YES;
				GCC_C_LANGUAGE_STANDARD = gnu99;
				GCC_WARN_64_TO_32_BIT_CONVERSION = YES;
				GCC_WARN_ABOUT_RETURN_TYPE = YES_ERROR;
				GCC_WARN_UNDECLARED_SELECTOR = YES;
				GCC_WARN_UNINITIALIZED_AUTOS = YES_AGGRESSIVE;
				GCC_WARN_UNUSED_FUNCTION = YES;
				GCC_WARN_UNUSED_VARIABLE = YES;
				IPHONEOS_DEPLOYMENT_TARGET = 8.1;
				MTL_ENABLE_DEBUG_INFO = NO;
				SDKROOT = iphoneos;
				VALIDATE_PRODUCT = YES;
			};
			name = Release;
		};
		B0DF65C11A84840F009B3338 /* Debug */ = {
			isa = XCBuildConfiguration;
			buildSettings = {
				ASSETCATALOG_COMPILER_APPICON_NAME = AppIcon;
				CLANG_ENABLE_OBJC_ARC = NO;
				INFOPLIST_FILE = "Pactera/Supporting Files/Info.plist";
				LD_RUNPATH_SEARCH_PATHS = "$(inherited) @executable_path/Frameworks";
				PRODUCT_NAME = "$(TARGET_NAME)";
			};
			name = Debug;
		};
		B0DF65C21A84840F009B3338 /* Release */ = {
			isa = XCBuildConfiguration;
			buildSettings = {
				ASSETCATALOG_COMPILER_APPICON_NAME = AppIcon;
				CLANG_ENABLE_OBJC_ARC = NO;
				INFOPLIST_FILE = "Pactera/Supporting Files/Info.plist";
				LD_RUNPATH_SEARCH_PATHS = "$(inherited) @executable_path/Frameworks";
				PRODUCT_NAME = "$(TARGET_NAME)";
			};
			name = Release;
		};
		B0DF65C41A84840F009B3338 /* Debug */ = {
			isa = XCBuildConfiguration;
			buildSettings = {
				BUNDLE_LOADER = "$(TEST_HOST)";
				FRAMEWORK_SEARCH_PATHS = (
					"$(SDKROOT)/Developer/Library/Frameworks",
					"$(inherited)",
				);
				GCC_PREPROCESSOR_DEFINITIONS = (
					"DEBUG=1",
					"$(inherited)",
				);
				INFOPLIST_FILE = "PacteraTests/Supporting Files/Info.plist";
				LD_RUNPATH_SEARCH_PATHS = "$(inherited) @executable_path/Frameworks @loader_path/Frameworks";
				PRODUCT_NAME = "$(TARGET_NAME)";
				TEST_HOST = "$(BUILT_PRODUCTS_DIR)/Pactera.app/Pactera";
			};
			name = Debug;
		};
		B0DF65C51A84840F009B3338 /* Release */ = {
			isa = XCBuildConfiguration;
			buildSettings = {
				BUNDLE_LOADER = "$(TEST_HOST)";
				FRAMEWORK_SEARCH_PATHS = (
					"$(SDKROOT)/Developer/Library/Frameworks",
					"$(inherited)",
				);
				INFOPLIST_FILE = "PacteraTests/Supporting Files/Info.plist";
				LD_RUNPATH_SEARCH_PATHS = "$(inherited) @executable_path/Frameworks @loader_path/Frameworks";
				PRODUCT_NAME = "$(TARGET_NAME)";
				TEST_HOST = "$(BUILT_PRODUCTS_DIR)/Pactera.app/Pactera";
			};
			name = Release;
		};
/* End XCBuildConfiguration section */

/* Begin XCConfigurationList section */
		B0DF65981A84840F009B3338 /* Build configuration list for PBXProject "Pactera" */ = {
			isa = XCConfigurationList;
			buildConfigurations = (
				B0DF65BE1A84840F009B3338 /* Debug */,
				B0DF65BF1A84840F009B3338 /* Release */,
			);
			defaultConfigurationIsVisible = 0;
			defaultConfigurationName = Release;
		};
		B0DF65C01A84840F009B3338 /* Build configuration list for PBXNativeTarget "Pactera" */ = {
			isa = XCConfigurationList;
			buildConfigurations = (
				B0DF65C11A84840F009B3338 /* Debug */,
				B0DF65C21A84840F009B3338 /* Release */,
			);
			defaultConfigurationIsVisible = 0;
			defaultConfigurationName = Release;
		};
		B0DF65C31A84840F009B3338 /* Build configuration list for PBXNativeTarget "PacteraTests" */ = {
			isa = XCConfigurationList;
			buildConfigurations = (
				B0DF65C41A84840F009B3338 /* Debug */,
				B0DF65C51A84840F009B3338 /* Release */,
			);
			defaultConfigurationIsVisible = 0;
			defaultConfigurationName = Release;
		};
/* End XCConfigurationList section */
	};
	rootObject = B0DF65951A84840F009B3338 /* Project object */;
}
